// !$*UTF8*$!
{
	archiveVersion = 1;
	classes = {
	};
	objectVersion = 46;
	objects = {

/* Begin PBXBuildFile section */
		52008D861E784A16000D1506 /* main.m in Sources */ = {isa = PBXBuildFile; fileRef = 52008D851E784A16000D1506 /* main.m */; };
		52008D891E784A16000D1506 /* AppDelegate.m in Sources */ = {isa = PBXBuildFile; fileRef = 52008D881E784A16000D1506 /* AppDelegate.m */; };
		52008D8F1E784A16000D1506 /* Main.storyboard in Resources */ = {isa = PBXBuildFile; fileRef = 52008D8D1E784A16000D1506 /* Main.storyboard */; };
		52008D911E784A17000D1506 /* Assets.xcassets in Resources */ = {isa = PBXBuildFile; fileRef = 52008D901E784A16000D1506 /* Assets.xcassets */; };
		52008D941E784A17000D1506 /* LaunchScreen.storyboard in Resources */ = {isa = PBXBuildFile; fileRef = 52008D921E784A17000D1506 /* LaunchScreen.storyboard */; };
		5200C6AC1E7FC71B006CC61B /* MyProfileViewController.m in Sources */ = {isa = PBXBuildFile; fileRef = 5200C6AB1E7FC71B006CC61B /* MyProfileViewController.m */; };
		52518ACC1E78BEC700E8264D /* libAFNetworking.a in Frameworks */ = {isa = PBXBuildFile; fileRef = 52518ACB1E78BEC700E8264D /* libAFNetworking.a */; };
		52518ACE1E78BECC00E8264D /* libMantle.a in Frameworks */ = {isa = PBXBuildFile; fileRef = 52518ACD1E78BECC00E8264D /* libMantle.a */; };
		5273395B1E808FFB00894C3E /* libMagicalRecord.a in Frameworks */ = {isa = PBXBuildFile; fileRef = 5273395A1E808FFB00894C3E /* libMagicalRecord.a */; };
		5291E1B11E79D69E00C48365 /* libSDWebImage.a in Frameworks */ = {isa = PBXBuildFile; fileRef = 5291E1B01E79D69E00C48365 /* libSDWebImage.a */; };
		5293D9CD1E7A980E0030285A /* UserRepositoriesTableViewCell.m in Sources */ = {isa = PBXBuildFile; fileRef = 5293D9CC1E7A980E0030285A /* UserRepositoriesTableViewCell.m */; };
		529CAC131E79748100ECCB88 /* UserInformationModel.m in Sources */ = {isa = PBXBuildFile; fileRef = 529CAC121E79748100ECCB88 /* UserInformationModel.m */; };
		529CAC161E797A8900ECCB88 /* RepositoryModel.m in Sources */ = {isa = PBXBuildFile; fileRef = 529CAC151E797A8900ECCB88 /* RepositoryModel.m */; };
		52D115021E7ABEFE0020A483 /* libUIScrollView-InfiniteScroll.a in Frameworks */ = {isa = PBXBuildFile; fileRef = 52D115011E7ABEFE0020A483 /* libUIScrollView-InfiniteScroll.a */; };
		52D4E2031E79B0D1006CA04E /* UserRepositoriesViewController.m in Sources */ = {isa = PBXBuildFile; fileRef = 52D4E2021E79B0D1006CA04E /* UserRepositoriesViewController.m */; };
		52D4E2061E79B143006CA04E /* UsersListViewController.m in Sources */ = {isa = PBXBuildFile; fileRef = 52D4E2051E79B143006CA04E /* UsersListViewController.m */; };
		52D4E2091E79B8C9006CA04E /* UsersListTableViewCell.m in Sources */ = {isa = PBXBuildFile; fileRef = 52D4E2081E79B8C9006CA04E /* UsersListTableViewCell.m */; };
		52D63D8C1E78C15B00BAB343 /* RequestsManager.m in Sources */ = {isa = PBXBuildFile; fileRef = 52D63D8B1E78C15B00BAB343 /* RequestsManager.m */; };
		52F12F031E78B9A800FDCBC1 /* UserInformationViewController.m in Sources */ = {isa = PBXBuildFile; fileRef = 52F12F021E78B9A800FDCBC1 /* UserInformationViewController.m */; };
		52F956FD1E7F5D5B00752F5C /* AuthorizationViewController.m in Sources */ = {isa = PBXBuildFile; fileRef = 52F956FC1E7F5D5A00752F5C /* AuthorizationViewController.m */; };
		52F9F2441E79FA5E0049B526 /* UserCellModel.m in Sources */ = {isa = PBXBuildFile; fileRef = 52F9F2431E79FA5E0049B526 /* UserCellModel.m */; };
		6C1760F50F5FDC977524FF43 /* libPods-GitHubIOSClient.a in Frameworks */ = {isa = PBXBuildFile; fileRef = 7B523FA808E1516057200480 /* libPods-GitHubIOSClient.a */; };
/* End PBXBuildFile section */

/* Begin PBXFileReference section */
		1B282D8A0E8B0D0075D01276 /* Pods-GitHubIOSClient.release.xcconfig */ = {isa = PBXFileReference; includeInIndex = 1; lastKnownFileType = text.xcconfig; name = "Pods-GitHubIOSClient.release.xcconfig"; path = "Pods/Target Support Files/Pods-GitHubIOSClient/Pods-GitHubIOSClient.release.xcconfig"; sourceTree = "<group>"; };
		52008D811E784A16000D1506 /* GitHubIOSClient.app */ = {isa = PBXFileReference; explicitFileType = wrapper.application; includeInIndex = 0; path = GitHubIOSClient.app; sourceTree = BUILT_PRODUCTS_DIR; };
		52008D851E784A16000D1506 /* main.m */ = {isa = PBXFileReference; lastKnownFileType = sourcecode.c.objc; path = main.m; sourceTree = "<group>"; };
		52008D871E784A16000D1506 /* AppDelegate.h */ = {isa = PBXFileReference; lastKnownFileType = sourcecode.c.h; path = AppDelegate.h; sourceTree = "<group>"; };
		52008D881E784A16000D1506 /* AppDelegate.m */ = {isa = PBXFileReference; lastKnownFileType = sourcecode.c.objc; path = AppDelegate.m; sourceTree = "<group>"; };
		52008D8E1E784A16000D1506 /* Base */ = {isa = PBXFileReference; lastKnownFileType = file.storyboard; name = Base; path = Base.lproj/Main.storyboard; sourceTree = "<group>"; };
		52008D901E784A16000D1506 /* Assets.xcassets */ = {isa = PBXFileReference; lastKnownFileType = folder.assetcatalog; path = Assets.xcassets; sourceTree = "<group>"; };
		52008D931E784A17000D1506 /* Base */ = {isa = PBXFileReference; lastKnownFileType = file.storyboard; name = Base; path = Base.lproj/LaunchScreen.storyboard; sourceTree = "<group>"; };
		52008D951E784A17000D1506 /* Info.plist */ = {isa = PBXFileReference; lastKnownFileType = text.plist.xml; path = Info.plist; sourceTree = "<group>"; };
		5200C6AA1E7FC71B006CC61B /* MyProfileViewController.h */ = {isa = PBXFileReference; fileEncoding = 4; lastKnownFileType = sourcecode.c.h; path = MyProfileViewController.h; sourceTree = "<group>"; };
		5200C6AB1E7FC71B006CC61B /* MyProfileViewController.m */ = {isa = PBXFileReference; fileEncoding = 4; lastKnownFileType = sourcecode.c.objc; path = MyProfileViewController.m; sourceTree = "<group>"; };
		52518ACB1E78BEC700E8264D /* libAFNetworking.a */ = {isa = PBXFileReference; lastKnownFileType = archive.ar; name = libAFNetworking.a; path = "Pods/../build/Debug-iphoneos/AFNetworking/libAFNetworking.a"; sourceTree = "<group>"; };
		52518ACD1E78BECC00E8264D /* libMantle.a */ = {isa = PBXFileReference; lastKnownFileType = archive.ar; name = libMantle.a; path = "Pods/../build/Debug-iphoneos/Mantle/libMantle.a"; sourceTree = "<group>"; };
		5273395A1E808FFB00894C3E /* libMagicalRecord.a */ = {isa = PBXFileReference; lastKnownFileType = archive.ar; name = libMagicalRecord.a; path = "Pods/../build/Debug-iphoneos/MagicalRecord/libMagicalRecord.a"; sourceTree = "<group>"; };
		5291E1B01E79D69E00C48365 /* libSDWebImage.a */ = {isa = PBXFileReference; lastKnownFileType = archive.ar; name = libSDWebImage.a; path = "Pods/../build/Debug-iphoneos/SDWebImage/libSDWebImage.a"; sourceTree = "<group>"; };
		5293D9CB1E7A980E0030285A /* UserRepositoriesTableViewCell.h */ = {isa = PBXFileReference; fileEncoding = 4; lastKnownFileType = sourcecode.c.h; path = UserRepositoriesTableViewCell.h; sourceTree = "<group>"; };
		5293D9CC1E7A980E0030285A /* UserRepositoriesTableViewCell.m */ = {isa = PBXFileReference; fileEncoding = 4; lastKnownFileType = sourcecode.c.objc; path = UserRepositoriesTableViewCell.m; sourceTree = "<group>"; };
		529CAC111E79748100ECCB88 /* UserInformationModel.h */ = {isa = PBXFileReference; fileEncoding = 4; lastKnownFileType = sourcecode.c.h; path = UserInformationModel.h; sourceTree = "<group>"; };
		529CAC121E79748100ECCB88 /* UserInformationModel.m */ = {isa = PBXFileReference; fileEncoding = 4; lastKnownFileType = sourcecode.c.objc; path = UserInformationModel.m; sourceTree = "<group>"; };
		529CAC141E797A8900ECCB88 /* RepositoryModel.h */ = {isa = PBXFileReference; fileEncoding = 4; lastKnownFileType = sourcecode.c.h; path = RepositoryModel.h; sourceTree = "<group>"; };
		529CAC151E797A8900ECCB88 /* RepositoryModel.m */ = {isa = PBXFileReference; fileEncoding = 4; lastKnownFileType = sourcecode.c.objc; path = RepositoryModel.m; sourceTree = "<group>"; };
		52D115011E7ABEFE0020A483 /* libUIScrollView-InfiniteScroll.a */ = {isa = PBXFileReference; lastKnownFileType = archive.ar; name = "libUIScrollView-InfiniteScroll.a"; path = "Pods/../build/Debug-iphoneos/UIScrollView-InfiniteScroll/libUIScrollView-InfiniteScroll.a"; sourceTree = "<group>"; };
		52D4E2011E79B0D1006CA04E /* UserRepositoriesViewController.h */ = {isa = PBXFileReference; fileEncoding = 4; lastKnownFileType = sourcecode.c.h; path = UserRepositoriesViewController.h; sourceTree = "<group>"; };
		52D4E2021E79B0D1006CA04E /* UserRepositoriesViewController.m */ = {isa = PBXFileReference; fileEncoding = 4; lastKnownFileType = sourcecode.c.objc; path = UserRepositoriesViewController.m; sourceTree = "<group>"; };
		52D4E2041E79B143006CA04E /* UsersListViewController.h */ = {isa = PBXFileReference; fileEncoding = 4; lastKnownFileType = sourcecode.c.h; path = UsersListViewController.h; sourceTree = "<group>"; };
		52D4E2051E79B143006CA04E /* UsersListViewController.m */ = {isa = PBXFileReference; fileEncoding = 4; lastKnownFileType = sourcecode.c.objc; path = UsersListViewController.m; sourceTree = "<group>"; };
		52D4E2071E79B8C9006CA04E /* UsersListTableViewCell.h */ = {isa = PBXFileReference; fileEncoding = 4; lastKnownFileType = sourcecode.c.h; path = UsersListTableViewCell.h; sourceTree = "<group>"; };
		52D4E2081E79B8C9006CA04E /* UsersListTableViewCell.m */ = {isa = PBXFileReference; fileEncoding = 4; lastKnownFileType = sourcecode.c.objc; path = UsersListTableViewCell.m; sourceTree = "<group>"; };
		52D63D8A1E78C15B00BAB343 /* RequestsManager.h */ = {isa = PBXFileReference; fileEncoding = 4; lastKnownFileType = sourcecode.c.h; path = RequestsManager.h; sourceTree = "<group>"; };
		52D63D8B1E78C15B00BAB343 /* RequestsManager.m */ = {isa = PBXFileReference; fileEncoding = 4; lastKnownFileType = sourcecode.c.objc; path = RequestsManager.m; sourceTree = "<group>"; };
		52F12F011E78B9A800FDCBC1 /* UserInformationViewController.h */ = {isa = PBXFileReference; fileEncoding = 4; lastKnownFileType = sourcecode.c.h; path = UserInformationViewController.h; sourceTree = "<group>"; };
		52F12F021E78B9A800FDCBC1 /* UserInformationViewController.m */ = {isa = PBXFileReference; fileEncoding = 4; lastKnownFileType = sourcecode.c.objc; path = UserInformationViewController.m; sourceTree = "<group>"; };
		52F956FB1E7F5D5A00752F5C /* AuthorizationViewController.h */ = {isa = PBXFileReference; fileEncoding = 4; lastKnownFileType = sourcecode.c.h; path = AuthorizationViewController.h; sourceTree = "<group>"; };
		52F956FC1E7F5D5A00752F5C /* AuthorizationViewController.m */ = {isa = PBXFileReference; fileEncoding = 4; lastKnownFileType = sourcecode.c.objc; path = AuthorizationViewController.m; sourceTree = "<group>"; };
		52F9F2421E79FA5E0049B526 /* UserCellModel.h */ = {isa = PBXFileReference; fileEncoding = 4; lastKnownFileType = sourcecode.c.h; path = UserCellModel.h; sourceTree = "<group>"; };
		52F9F2431E79FA5E0049B526 /* UserCellModel.m */ = {isa = PBXFileReference; fileEncoding = 4; lastKnownFileType = sourcecode.c.objc; path = UserCellModel.m; sourceTree = "<group>"; };
		7B523FA808E1516057200480 /* libPods-GitHubIOSClient.a */ = {isa = PBXFileReference; explicitFileType = archive.ar; includeInIndex = 0; path = "libPods-GitHubIOSClient.a"; sourceTree = BUILT_PRODUCTS_DIR; };
		F192915BE6FE2C50E21C4942 /* Pods-GitHubIOSClient.debug.xcconfig */ = {isa = PBXFileReference; includeInIndex = 1; lastKnownFileType = text.xcconfig; name = "Pods-GitHubIOSClient.debug.xcconfig"; path = "Pods/Target Support Files/Pods-GitHubIOSClient/Pods-GitHubIOSClient.debug.xcconfig"; sourceTree = "<group>"; };
/* End PBXFileReference section */

/* Begin PBXFrameworksBuildPhase section */
		52008D7E1E784A16000D1506 /* Frameworks */ = {
			isa = PBXFrameworksBuildPhase;
			buildActionMask = 2147483647;
			files = (
				5273395B1E808FFB00894C3E /* libMagicalRecord.a in Frameworks */,
				52D115021E7ABEFE0020A483 /* libUIScrollView-InfiniteScroll.a in Frameworks */,
				5291E1B11E79D69E00C48365 /* libSDWebImage.a in Frameworks */,
				52518ACE1E78BECC00E8264D /* libMantle.a in Frameworks */,
				52518ACC1E78BEC700E8264D /* libAFNetworking.a in Frameworks */,
				6C1760F50F5FDC977524FF43 /* libPods-GitHubIOSClient.a in Frameworks */,
			);
			runOnlyForDeploymentPostprocessing = 0;
		};
/* End PBXFrameworksBuildPhase section */

/* Begin PBXGroup section */
		4E603A588B3D8A7A04031138 /* Frameworks */ = {
			isa = PBXGroup;
			children = (
				5273395A1E808FFB00894C3E /* libMagicalRecord.a */,
				52D115011E7ABEFE0020A483 /* libUIScrollView-InfiniteScroll.a */,
				5291E1B01E79D69E00C48365 /* libSDWebImage.a */,
				52518ACD1E78BECC00E8264D /* libMantle.a */,
				52518ACB1E78BEC700E8264D /* libAFNetworking.a */,
				7B523FA808E1516057200480 /* libPods-GitHubIOSClient.a */,
			);
			name = Frameworks;
			sourceTree = "<group>";
		};
		52008D781E784A16000D1506 = {
			isa = PBXGroup;
			children = (
				52008D831E784A16000D1506 /* GitHubIOSClient */,
				52008D821E784A16000D1506 /* Products */,
				C68B844040269C8D7051FCBC /* Pods */,
				4E603A588B3D8A7A04031138 /* Frameworks */,
			);
			sourceTree = "<group>";
		};
		52008D821E784A16000D1506 /* Products */ = {
			isa = PBXGroup;
			children = (
				52008D811E784A16000D1506 /* GitHubIOSClient.app */,
			);
			name = Products;
			sourceTree = "<group>";
		};
		52008D831E784A16000D1506 /* GitHubIOSClient */ = {
			isa = PBXGroup;
			children = (
				52A6D7F91E7B700C00DB6714 /* ViewControllers */,
				52A6D7FC1E7B703F00DB6714 /* Models */,
				52A6D7FB1E7B703400DB6714 /* Services */,
				52008D871E784A16000D1506 /* AppDelegate.h */,
				52008D881E784A16000D1506 /* AppDelegate.m */,
				52008D8D1E784A16000D1506 /* Main.storyboard */,
				52008D901E784A16000D1506 /* Assets.xcassets */,
				52008D921E784A17000D1506 /* LaunchScreen.storyboard */,
				52008D951E784A17000D1506 /* Info.plist */,
				52008D841E784A16000D1506 /* Supporting Files */,
			);
			path = GitHubIOSClient;
			sourceTree = "<group>";
		};
		52008D841E784A16000D1506 /* Supporting Files */ = {
			isa = PBXGroup;
			children = (
				52008D851E784A16000D1506 /* main.m */,
			);
			name = "Supporting Files";
			sourceTree = "<group>";
		};
		52A6D7F91E7B700C00DB6714 /* ViewControllers */ = {
			isa = PBXGroup;
			children = (
				52F956FB1E7F5D5A00752F5C /* AuthorizationViewController.h */,
				52F956FC1E7F5D5A00752F5C /* AuthorizationViewController.m */,
				5200C6AA1E7FC71B006CC61B /* MyProfileViewController.h */,
				5200C6AB1E7FC71B006CC61B /* MyProfileViewController.m */,
				52D4E2041E79B143006CA04E /* UsersListViewController.h */,
				52D4E2051E79B143006CA04E /* UsersListViewController.m */,
				52D4E2071E79B8C9006CA04E /* UsersListTableViewCell.h */,
				52D4E2081E79B8C9006CA04E /* UsersListTableViewCell.m */,
				52F12F011E78B9A800FDCBC1 /* UserInformationViewController.h */,
				52F12F021E78B9A800FDCBC1 /* UserInformationViewController.m */,
				52D4E2011E79B0D1006CA04E /* UserRepositoriesViewController.h */,
				52D4E2021E79B0D1006CA04E /* UserRepositoriesViewController.m */,
				5293D9CB1E7A980E0030285A /* UserRepositoriesTableViewCell.h */,
				5293D9CC1E7A980E0030285A /* UserRepositoriesTableViewCell.m */,
			);
			name = ViewControllers;
			sourceTree = "<group>";
		};
		52A6D7FB1E7B703400DB6714 /* Services */ = {
			isa = PBXGroup;
			children = (
				52D63D8A1E78C15B00BAB343 /* RequestsManager.h */,
				52D63D8B1E78C15B00BAB343 /* RequestsManager.m */,
			);
			name = Services;
			sourceTree = "<group>";
		};
		52A6D7FC1E7B703F00DB6714 /* Models */ = {
			isa = PBXGroup;
			children = (
				52F9F2421E79FA5E0049B526 /* UserCellModel.h */,
				52F9F2431E79FA5E0049B526 /* UserCellModel.m */,
				529CAC111E79748100ECCB88 /* UserInformationModel.h */,
				529CAC121E79748100ECCB88 /* UserInformationModel.m */,
				529CAC141E797A8900ECCB88 /* RepositoryModel.h */,
				529CAC151E797A8900ECCB88 /* RepositoryModel.m */,
			);
			name = Models;
			sourceTree = "<group>";
		};
		C68B844040269C8D7051FCBC /* Pods */ = {
			isa = PBXGroup;
			children = (
				F192915BE6FE2C50E21C4942 /* Pods-GitHubIOSClient.debug.xcconfig */,
				1B282D8A0E8B0D0075D01276 /* Pods-GitHubIOSClient.release.xcconfig */,
			);
			name = Pods;
			sourceTree = "<group>";
		};
/* End PBXGroup section */

/* Begin PBXNativeTarget section */
		52008D801E784A16000D1506 /* GitHubIOSClient */ = {
			isa = PBXNativeTarget;
			buildConfigurationList = 52008D981E784A17000D1506 /* Build configuration list for PBXNativeTarget "GitHubIOSClient" */;
			buildPhases = (
				C316F9B941FC0F277BDDC2EF /* [CP] Check Pods Manifest.lock */,
				52008D7D1E784A16000D1506 /* Sources */,
				52008D7E1E784A16000D1506 /* Frameworks */,
				52008D7F1E784A16000D1506 /* Resources */,
				20E6E88CAE0B2296D0C8835D /* [CP] Embed Pods Frameworks */,
				6537C3D8A854C5904C28A7D7 /* [CP] Copy Pods Resources */,
			);
			buildRules = (
			);
			dependencies = (
			);
			name = GitHubIOSClient;
			productName = GitHubIOSClient;
			productReference = 52008D811E784A16000D1506 /* GitHubIOSClient.app */;
			productType = "com.apple.product-type.application";
		};
/* End PBXNativeTarget section */

/* Begin PBXProject section */
		52008D791E784A16000D1506 /* Project object */ = {
			isa = PBXProject;
			attributes = {
				LastUpgradeCheck = 0720;
				ORGANIZATIONNAME = "Jack Novikov";
				TargetAttributes = {
					52008D801E784A16000D1506 = {
						CreatedOnToolsVersion = 7.2.1;
					};
				};
			};
			buildConfigurationList = 52008D7C1E784A16000D1506 /* Build configuration list for PBXProject "GitHubIOSClient" */;
			compatibilityVersion = "Xcode 3.2";
			developmentRegion = English;
			hasScannedForEncodings = 0;
			knownRegions = (
				en,
				Base,
			);
			mainGroup = 52008D781E784A16000D1506;
			productRefGroup = 52008D821E784A16000D1506 /* Products */;
			projectDirPath = "";
			projectRoot = "";
			targets = (
				52008D801E784A16000D1506 /* GitHubIOSClient */,
			);
		};
/* End PBXProject section */

/* Begin PBXResourcesBuildPhase section */
		52008D7F1E784A16000D1506 /* Resources */ = {
			isa = PBXResourcesBuildPhase;
			buildActionMask = 2147483647;
			files = (
				52008D941E784A17000D1506 /* LaunchScreen.storyboard in Resources */,
				52008D911E784A17000D1506 /* Assets.xcassets in Resources */,
				52008D8F1E784A16000D1506 /* Main.storyboard in Resources */,
			);
			runOnlyForDeploymentPostprocessing = 0;
		};
/* End PBXResourcesBuildPhase section */

/* Begin PBXShellScriptBuildPhase section */
		20E6E88CAE0B2296D0C8835D /* [CP] Embed Pods Frameworks */ = {
			isa = PBXShellScriptBuildPhase;
			buildActionMask = 2147483647;
			files = (
			);
			inputPaths = (
			);
			name = "[CP] Embed Pods Frameworks";
			outputPaths = (
			);
			runOnlyForDeploymentPostprocessing = 0;
			shellPath = /bin/sh;
			shellScript = "\"${SRCROOT}/Pods/Target Support Files/Pods-GitHubIOSClient/Pods-GitHubIOSClient-frameworks.sh\"\n";
			showEnvVarsInLog = 0;
		};
		6537C3D8A854C5904C28A7D7 /* [CP] Copy Pods Resources */ = {
			isa = PBXShellScriptBuildPhase;
			buildActionMask = 2147483647;
			files = (
			);
			inputPaths = (
			);
			name = "[CP] Copy Pods Resources";
			outputPaths = (
			);
			runOnlyForDeploymentPostprocessing = 0;
			shellPath = /bin/sh;
			shellScript = "\"${SRCROOT}/Pods/Target Support Files/Pods-GitHubIOSClient/Pods-GitHubIOSClient-resources.sh\"\n";
			showEnvVarsInLog = 0;
		};
		C316F9B941FC0F277BDDC2EF /* [CP] Check Pods Manifest.lock */ = {
			isa = PBXShellScriptBuildPhase;
			buildActionMask = 2147483647;
			files = (
			);
			inputPaths = (
			);
			name = "[CP] Check Pods Manifest.lock";
			outputPaths = (
			);
			runOnlyForDeploymentPostprocessing = 0;
			shellPath = /bin/sh;
			shellScript = "diff \"${PODS_ROOT}/../Podfile.lock\" \"${PODS_ROOT}/Manifest.lock\" > /dev/null\nif [ $? != 0 ] ; then\n    # print error to STDERR\n    echo \"error: The sandbox is not in sync with the Podfile.lock. Run 'pod install' or update your CocoaPods installation.\" >&2\n    exit 1\nfi\n";
			showEnvVarsInLog = 0;
		};
/* End PBXShellScriptBuildPhase section */

/* Begin PBXSourcesBuildPhase section */
		52008D7D1E784A16000D1506 /* Sources */ = {
			isa = PBXSourcesBuildPhase;
			buildActionMask = 2147483647;
			files = (
				52008D891E784A16000D1506 /* AppDelegate.m in Sources */,
				529CAC131E79748100ECCB88 /* UserInformationModel.m in Sources */,
				5200C6AC1E7FC71B006CC61B /* MyProfileViewController.m in Sources */,
				52D4E2091E79B8C9006CA04E /* UsersListTableViewCell.m in Sources */,
				52D4E2031E79B0D1006CA04E /* UserRepositoriesViewController.m in Sources */,
				5293D9CD1E7A980E0030285A /* UserRepositoriesTableViewCell.m in Sources */,
				529CAC161E797A8900ECCB88 /* RepositoryModel.m in Sources */,
				52F9F2441E79FA5E0049B526 /* UserCellModel.m in Sources */,
				52008D861E784A16000D1506 /* main.m in Sources */,
				52F956FD1E7F5D5B00752F5C /* AuthorizationViewController.m in Sources */,
				52F12F031E78B9A800FDCBC1 /* UserInformationViewController.m in Sources */,
				52D63D8C1E78C15B00BAB343 /* RequestsManager.m in Sources */,
				52D4E2061E79B143006CA04E /* UsersListViewController.m in Sources */,
			);
			runOnlyForDeploymentPostprocessing = 0;
		};
/* End PBXSourcesBuildPhase section */

/* Begin PBXVariantGroup section */
		52008D8D1E784A16000D1506 /* Main.storyboard */ = {
			isa = PBXVariantGroup;
			children = (
				52008D8E1E784A16000D1506 /* Base */,
			);
			name = Main.storyboard;
			sourceTree = "<group>";
		};
		52008D921E784A17000D1506 /* LaunchScreen.storyboard */ = {
			isa = PBXVariantGroup;
			children = (
				52008D931E784A17000D1506 /* Base */,
			);
			name = LaunchScreen.storyboard;
			sourceTree = "<group>";
		};
/* End PBXVariantGroup section */

/* Begin XCBuildConfiguration section */
		52008D961E784A17000D1506 /* Debug */ = {
			isa = XCBuildConfiguration;
			buildSettings = {
				ALWAYS_SEARCH_USER_PATHS = NO;
				CLANG_CXX_LANGUAGE_STANDARD = "gnu++0x";
				CLANG_CXX_LIBRARY = "libc++";
				CLANG_ENABLE_MODULES = YES;
				CLANG_ENABLE_OBJC_ARC = YES;
				CLANG_WARN_BOOL_CONVERSION = YES;
				CLANG_WARN_CONSTANT_CONVERSION = YES;
				CLANG_WARN_DIRECT_OBJC_ISA_USAGE = YES_ERROR;
				CLANG_WARN_EMPTY_BODY = YES;
				CLANG_WARN_ENUM_CONVERSION = YES;
				CLANG_WARN_INT_CONVERSION = YES;
				CLANG_WARN_OBJC_ROOT_CLASS = YES_ERROR;
				CLANG_WARN_UNREACHABLE_CODE = YES;
				CLANG_WARN__DUPLICATE_METHOD_MATCH = YES;
				"CODE_SIGN_IDENTITY[sdk=iphoneos*]" = "iPhone Developer";
				COPY_PHASE_STRIP = NO;
				DEBUG_INFORMATION_FORMAT = dwarf;
				ENABLE_STRICT_OBJC_MSGSEND = YES;
				ENABLE_TESTABILITY = YES;
				GCC_C_LANGUAGE_STANDARD = gnu99;
				GCC_DYNAMIC_NO_PIC = NO;
				GCC_NO_COMMON_BLOCKS = YES;
				GCC_OPTIMIZATION_LEVEL = 0;
				GCC_PREPROCESSOR_DEFINITIONS = (
					"DEBUG=1",
					"$(inherited)",
				);
				GCC_WARN_64_TO_32_BIT_CONVERSION = YES;
				GCC_WARN_ABOUT_RETURN_TYPE = YES_ERROR;
				GCC_WARN_UNDECLARED_SELECTOR = YES;
				GCC_WARN_UNINITIALIZED_AUTOS = YES_AGGRESSIVE;
				GCC_WARN_UNUSED_FUNCTION = YES;
				GCC_WARN_UNUSED_VARIABLE = YES;
				IPHONEOS_DEPLOYMENT_TARGET = 9.2;
				MTL_ENABLE_DEBUG_INFO = YES;
				ONLY_ACTIVE_ARCH = YES;
				SDKROOT = iphoneos;
			};
			name = Debug;
		};
		52008D971E784A17000D1506 /* Release */ = {
			isa = XCBuildConfiguration;
			buildSettings = {
				ALWAYS_SEARCH_USER_PATHS = NO;
				CLANG_CXX_LANGUAGE_STANDARD = "gnu++0x";
				CLANG_CXX_LIBRARY = "libc++";
				CLANG_ENABLE_MODULES = YES;
				CLANG_ENABLE_OBJC_ARC = YES;
				CLANG_WARN_BOOL_CONVERSION = YES;
				CLANG_WARN_CONSTANT_CONVERSION = YES;
				CLANG_WARN_DIRECT_OBJC_ISA_USAGE = YES_ERROR;
				CLANG_WARN_EMPTY_BODY = YES;
				CLANG_WARN_ENUM_CONVERSION = YES;
				CLANG_WARN_INT_CONVERSION = YES;
				CLANG_WARN_OBJC_ROOT_CLASS = YES_ERROR;
				CLANG_WARN_UNREACHABLE_CODE = YES;
				CLANG_WARN__DUPLICATE_METHOD_MATCH = YES;
				"CODE_SIGN_IDENTITY[sdk=iphoneos*]" = "iPhone Developer";
				COPY_PHASE_STRIP = NO;
				DEBUG_INFORMATION_FORMAT = "dwarf-with-dsym";
				ENABLE_NS_ASSERTIONS = NO;
				ENABLE_STRICT_OBJC_MSGSEND = YES;
				GCC_C_LANGUAGE_STANDARD = gnu99;
				GCC_NO_COMMON_BLOCKS = YES;
				GCC_WARN_64_TO_32_BIT_CONVERSION = YES;
				GCC_WARN_ABOUT_RETURN_TYPE = YES_ERROR;
				GCC_WARN_UNDECLARED_SELECTOR = YES;
				GCC_WARN_UNINITIALIZED_AUTOS = YES_AGGRESSIVE;
				GCC_WARN_UNUSED_FUNCTION = YES;
				GCC_WARN_UNUSED_VARIABLE = YES;
				IPHONEOS_DEPLOYMENT_TARGET = 9.2;
				MTL_ENABLE_DEBUG_INFO = NO;
				SDKROOT = iphoneos;
				VALIDATE_PRODUCT = YES;
			};
			name = Release;
		};
		52008D991E784A17000D1506 /* Debug */ = {
			isa = XCBuildConfiguration;
			baseConfigurationReference = F192915BE6FE2C50E21C4942 /* Pods-GitHubIOSClient.debug.xcconfig */;
			buildSettings = {
				ASSETCATALOG_COMPILER_APPICON_NAME = AppIcon;
				INFOPLIST_FILE = GitHubIOSClient/Info.plist;
				LD_RUNPATH_SEARCH_PATHS = "$(inherited) @executable_path/Frameworks";
				LIBRARY_SEARCH_PATHS = (
					"$(inherited)",
					"$(PROJECT_DIR)/build/Debug-iphoneos/AFNetworking",
					"$(PROJECT_DIR)/build/Debug-iphoneos/Mantle",
					"$(PROJECT_DIR)/build/Debug-iphoneos/SDWebImage",
					"$(PROJECT_DIR)/build/Debug-iphoneos/UIScrollView-InfiniteScroll",
					"$(PROJECT_DIR)/build/Debug-iphoneos/MagicalRecord",
				);
				PRODUCT_BUNDLE_IDENTIFIER = TeffieHome.GitHubIOSClient;
				PRODUCT_NAME = "$(TARGET_NAME)";
			};
			name = Debug;
		};
		52008D9A1E784A17000D1506 /* Release */ = {
			isa = XCBuildConfiguration;
			baseConfigurationReference = 1B282D8A0E8B0D0075D01276 /* Pods-GitHubIOSClient.release.xcconfig */;
			buildSettings = {
				ASSETCATALOG_COMPILER_APPICON_NAME = AppIcon;
				INFOPLIST_FILE = GitHubIOSClient/Info.plist;
				LD_RUNPATH_SEARCH_PATHS = "$(inherited) @executable_path/Frameworks";
				LIBRARY_SEARCH_PATHS = (
					"$(inherited)",
					"$(PROJECT_DIR)/build/Debug-iphoneos/AFNetworking",
					"$(PROJECT_DIR)/build/Debug-iphoneos/Mantle",
					"$(PROJECT_DIR)/build/Debug-iphoneos/SDWebImage",
					"$(PROJECT_DIR)/build/Debug-iphoneos/UIScrollView-InfiniteScroll",
					"$(PROJECT_DIR)/build/Debug-iphoneos/MagicalRecord",
				);
				PRODUCT_BUNDLE_IDENTIFIER = TeffieHome.GitHubIOSClient;
				PRODUCT_NAME = "$(TARGET_NAME)";
			};
			name = Release;
		};
/* End XCBuildConfiguration section */

/* Begin XCConfigurationList section */
		52008D7C1E784A16000D1506 /* Build configuration list for PBXProject "GitHubIOSClient" */ = {
			isa = XCConfigurationList;
			buildConfigurations = (
				52008D961E784A17000D1506 /* Debug */,
				52008D971E784A17000D1506 /* Release */,
			);
			defaultConfigurationIsVisible = 0;
			defaultConfigurationName = Release;
		};
		52008D981E784A17000D1506 /* Build configuration list for PBXNativeTarget "GitHubIOSClient" */ = {
			isa = XCConfigurationList;
			buildConfigurations = (
				52008D991E784A17000D1506 /* Debug */,
				52008D9A1E784A17000D1506 /* Release */,
			);
			defaultConfigurationIsVisible = 0;
			defaultConfigurationName = Release;
		};
/* End XCConfigurationList section */
	};
	rootObject = 52008D791E784A16000D1506 /* Project object */;
}
